# This file is automatically @generated by Cargo.
# It is not intended for manual editing.
version = 3

[[package]]
name = "byteorder"
version = "1.4.3"
source = "registry+https://github.com/rust-lang/crates.io-index"
checksum = "14c189c53d098945499cdfa7ecc63567cf3886b3332b312a5b4585d8d3a6a610"

[[package]]
name = "libc"
version = "0.2.121"
source = "registry+https://github.com/rust-lang/crates.io-index"
checksum = "efaa7b300f3b5fe8eb6bf21ce3895e1751d9665086af2d64b42f19701015ff4f"

[[package]]
name = "local-ip-address"
version = "0.4.4"
dependencies = [
 "libc",
 "memalloc",
 "neli",
 "thiserror",
 "windows",
]

[[package]]
name = "memalloc"
version = "0.1.0"
source = "registry+https://github.com/rust-lang/crates.io-index"
checksum = "df39d232f5c40b0891c10216992c2f250c054105cb1e56f0fc9032db6203ecc1"

[[package]]
name = "neli"
version = "0.5.3"
source = "registry+https://github.com/rust-lang/crates.io-index"
checksum = "9053554eb5dcb7e10d9cdab1206965bde870eed5d0d341532ca035e3ba221508"
dependencies = [
 "byteorder",
 "libc",
]

[[package]]
name = "proc-macro2"
version = "1.0.27"
source = "registry+https://github.com/rust-lang/crates.io-index"
checksum = "f0d8caf72986c1a598726adc988bb5984792ef84f5ee5aa50209145ee8077038"
dependencies = [
 "unicode-xid",
]

[[package]]
name = "quote"
version = "1.0.9"
source = "registry+https://github.com/rust-lang/crates.io-index"
checksum = "c3d0b9745dc2debf507c8422de05d7226cc1f0644216dfdfead988f9b1ab32a7"
dependencies = [
 "proc-macro2",
]

[[package]]
name = "syn"
version = "1.0.73"
source = "registry+https://github.com/rust-lang/crates.io-index"
checksum = "f71489ff30030d2ae598524f61326b902466f72a0fb1a8564c001cc63425bcc7"
dependencies = [
 "proc-macro2",
 "quote",
 "unicode-xid",
]

[[package]]
name = "thiserror"
version = "1.0.30"
source = "registry+https://github.com/rust-lang/crates.io-index"
checksum = "854babe52e4df1653706b98fcfc05843010039b406875930a70e4d9644e5c417"
dependencies = [
 "thiserror-impl",
]

[[package]]
name = "thiserror-impl"
version = "1.0.30"
source = "registry+https://github.com/rust-lang/crates.io-index"
checksum = "aa32fd3f627f367fe16f893e2597ae3c05020f8bba2666a4e6ea73d377e5714b"
dependencies = [
 "proc-macro2",
 "quote",
 "syn",
]

[[package]]
name = "unicode-xid"
version = "0.2.2"
source = "registry+https://github.com/rust-lang/crates.io-index"
checksum = "8ccb82d61f80a663efe1f787a51b16b5a51e3314d6ac365b08639f52387b33f3"

[[package]]
name = "windows"
version = "0.35.0"
source = "registry+https://github.com/rust-lang/crates.io-index"
checksum = "08746b4b7ac95f708b3cccceb97b7f9a21a8916dd47fc99b0e6aaf7208f26fd7"
dependencies = [
 "windows_aarch64_msvc",
 "windows_i686_gnu",
 "windows_i686_msvc",
 "windows_x86_64_gnu",
 "windows_x86_64_msvc",
]

[[package]]
name = "windows_aarch64_msvc"
version = "0.35.0"
source = "registry+https://github.com/rust-lang/crates.io-index"
checksum = "db3bc5134e8ce0da5d64dcec3529793f1d33aee5a51fc2b4662e0f881dd463e6"

[[package]]
name = "windows_i686_gnu"
version = "0.35.0"
source = "registry+https://github.com/rust-lang/crates.io-index"
checksum = "0343a6f35bf43a07b009b8591b78b10ea03de86b06f48e28c96206cd0f453b50"

[[package]]
name = "windows_i686_msvc"
version = "0.35.0"
source = "registry+https://github.com/rust-lang/crates.io-index"
checksum = "1acdcbf4ca63d8e7a501be86fee744347186275ec2754d129ddeab7a1e3a02e4"

[[package]]
name = "windows_x86_64_gnu"
version = "0.35.0"
source = "registry+https://github.com/rust-lang/crates.io-index"
checksum = "893c0924c5a990ec73cd2264d1c0cba1773a929e1a3f5dbccffd769f8c4edebb"

[[package]]
name = "windows_x86_64_msvc"
version = "0.35.0"
source = "registry+https://github.com/rust-lang/crates.io-index"
checksum = "a29bd61f32889c822c99a8fdf2e93378bd2fae4d7efd2693fab09fcaaf7eff4b"
