# This file is automatically @generated by Cargo.
# It is not intended for manual editing.
version = 3

[[package]]
name = "byteorder"
version = "1.4.3"
source = "registry+https://github.com/rust-lang/crates.io-index"
checksum = "14c189c53d098945499cdfa7ecc63567cf3886b3332b312a5b4585d8d3a6a610"

[[package]]
name = "libc"
version = "0.2.112"
source = "registry+https://github.com/rust-lang/crates.io-index"
checksum = "1b03d17f364a3a042d5e5d46b053bbbf82c92c9430c592dd4c064dc6ee997125"

[[package]]
name = "local-ip-address"
version = "0.4.4"
dependencies = [
 "libc",
 "memalloc",
 "neli",
 "thiserror",
 "windows",
]

[[package]]
name = "memalloc"
version = "0.1.0"
source = "registry+https://github.com/rust-lang/crates.io-index"
checksum = "df39d232f5c40b0891c10216992c2f250c054105cb1e56f0fc9032db6203ecc1"

[[package]]
name = "neli"
version = "0.5.3"
source = "registry+https://github.com/rust-lang/crates.io-index"
checksum = "9053554eb5dcb7e10d9cdab1206965bde870eed5d0d341532ca035e3ba221508"
dependencies = [
 "byteorder",
 "libc",
]

[[package]]
name = "proc-macro2"
version = "1.0.27"
source = "registry+https://github.com/rust-lang/crates.io-index"
checksum = "f0d8caf72986c1a598726adc988bb5984792ef84f5ee5aa50209145ee8077038"
dependencies = [
 "unicode-xid",
]

[[package]]
name = "quote"
version = "1.0.9"
source = "registry+https://github.com/rust-lang/crates.io-index"
checksum = "c3d0b9745dc2debf507c8422de05d7226cc1f0644216dfdfead988f9b1ab32a7"
dependencies = [
 "proc-macro2",
]

[[package]]
name = "syn"
version = "1.0.73"
source = "registry+https://github.com/rust-lang/crates.io-index"
checksum = "f71489ff30030d2ae598524f61326b902466f72a0fb1a8564c001cc63425bcc7"
dependencies = [
 "proc-macro2",
 "quote",
 "unicode-xid",
]

[[package]]
name = "thiserror"
version = "1.0.29"
source = "registry+https://github.com/rust-lang/crates.io-index"
checksum = "602eca064b2d83369e2b2f34b09c70b605402801927c65c11071ac911d299b88"
dependencies = [
 "thiserror-impl",
]

[[package]]
name = "thiserror-impl"
version = "1.0.29"
source = "registry+https://github.com/rust-lang/crates.io-index"
checksum = "bad553cc2c78e8de258400763a647e80e6d1b31ee237275d756f6836d204494c"
dependencies = [
 "proc-macro2",
 "quote",
 "syn",
]

[[package]]
name = "unicode-xid"
version = "0.2.2"
source = "registry+https://github.com/rust-lang/crates.io-index"
checksum = "8ccb82d61f80a663efe1f787a51b16b5a51e3314d6ac365b08639f52387b33f3"

[[package]]
name = "windows"
version = "0.30.0"
source = "registry+https://github.com/rust-lang/crates.io-index"
checksum = "b749ebd2304aa012c5992d11a25d07b406bdbe5f79d371cb7a918ce501a19eb0"
dependencies = [
 "windows_aarch64_msvc",
 "windows_i686_gnu",
 "windows_i686_msvc",
 "windows_x86_64_gnu",
 "windows_x86_64_msvc",
]

[[package]]
name = "windows_aarch64_msvc"
version = "0.30.0"
source = "registry+https://github.com/rust-lang/crates.io-index"
checksum = "29277a4435d642f775f63c7d1faeb927adba532886ce0287bd985bffb16b6bca"

[[package]]
name = "windows_i686_gnu"
version = "0.30.0"
source = "registry+https://github.com/rust-lang/crates.io-index"
checksum = "1145e1989da93956c68d1864f32fb97c8f561a8f89a5125f6a2b7ea75524e4b8"

[[package]]
name = "windows_i686_msvc"
version = "0.30.0"
source = "registry+https://github.com/rust-lang/crates.io-index"
checksum = "d4a09e3a0d4753b73019db171c1339cd4362c8c44baf1bcea336235e955954a6"

[[package]]
name = "windows_x86_64_gnu"
version = "0.30.0"
source = "registry+https://github.com/rust-lang/crates.io-index"
checksum = "8ca64fcb0220d58db4c119e050e7af03c69e6f4f415ef69ec1773d9aab422d5a"

[[package]]
name = "windows_x86_64_msvc"
version = "0.30.0"
source = "registry+https://github.com/rust-lang/crates.io-index"
checksum = "08cabc9f0066848fef4bc6a1c1668e6efce38b661d2aeec75d18d8617eebb5f1"
